
Microsoft Visual Studio Solution File, Format Version 12.00
Project("{2150E333-8FDC-42A3-9474-1A3956D46DE8}") = "itens", "itens", "{05003847-4513-4F27-803E-FFE0E3CA0D24}"
	ProjectSection(SolutionItems) = preProject
		Database.drawio = Database.drawio
	EndProjectSection
EndProject
Project("{2150E333-8FDC-42A3-9474-1A3956D46DE8}") = "01-Entry", "01-Entry", "{02765D5D-716D-45DA-B9B3-99B670C3E97D}"
EndProject
Project("{2150E333-8FDC-42A3-9474-1A3956D46DE8}") = "src", "src", "{2A0A858E-0026-4130-B599-4B5BB0D03CAF}"
EndProject
Project("{2150E333-8FDC-42A3-9474-1A3956D46DE8}") = "02-Core", "02-Core", "{B1CD7CA5-F6CF-4DA4-AD2F-F521A31DF136}"
EndProject
Project("{2150E333-8FDC-42A3-9474-1A3956D46DE8}") = "03-Infra", "03-Infra", "{EE8E0EEB-30DE-4594-9A79-4335D0C1D866}"
EndProject
Project("{FAE04EC0-301F-11D3-BF4B-00C04F79EFBC}") = "Domain", "Domain\Domain.csproj", "{9F313DF2-C845-4467-B3FB-D529FF543009}"
EndProject
Project("{FAE04EC0-301F-11D3-BF4B-00C04F79EFBC}") = "Bootstrap", "Bootstrap\Bootstrap.csproj", "{4AF43A5E-1BB4-4DF7-8538-F83538AB6431}"
EndProject
Project("{FAE04EC0-301F-11D3-BF4B-00C04F79EFBC}") = "Data", "Data\Data.csproj", "{1FD4D2F3-2286-4020-AD50-403A65B422C4}"
EndProject
Project("{FAE04EC0-301F-11D3-BF4B-00C04F79EFBC}") = "Test", "Test\Test.csproj", "{EE538134-B287-490F-9AA3-FCC418EEFE3A}"
EndProject
Project("{FAE04EC0-301F-11D3-BF4B-00C04F79EFBC}") = "Common", "Common\Common.csproj", "{7FB210CD-68E1-4132-A3A6-E1AEBCA661C5}"
EndProject
Project("{FAE04EC0-301F-11D3-BF4B-00C04F79EFBC}") = "Api", "Api\Api.csproj", "{0054E656-0F92-48C4-AAFB-99007FC8E932}"
EndProject
Project("{FAE04EC0-301F-11D3-BF4B-00C04F79EFBC}") = "Cli", "Cli\Cli.csproj", "{1847C232-253A-414C-A4C8-B47449C67DBE}"
EndProject
Global
	GlobalSection(SolutionConfigurationPlatforms) = preSolution
		Debug|Any CPU = Debug|Any CPU
		Release|Any CPU = Release|Any CPU
	EndGlobalSection
	GlobalSection(NestedProjects) = preSolution
		{02765D5D-716D-45DA-B9B3-99B670C3E97D} = {2A0A858E-0026-4130-B599-4B5BB0D03CAF}
		{B1CD7CA5-F6CF-4DA4-AD2F-F521A31DF136} = {2A0A858E-0026-4130-B599-4B5BB0D03CAF}
		{EE8E0EEB-30DE-4594-9A79-4335D0C1D866} = {2A0A858E-0026-4130-B599-4B5BB0D03CAF}
		{9F313DF2-C845-4467-B3FB-D529FF543009} = {B1CD7CA5-F6CF-4DA4-AD2F-F521A31DF136}
		{4AF43A5E-1BB4-4DF7-8538-F83538AB6431} = {EE8E0EEB-30DE-4594-9A79-4335D0C1D866}
		{1FD4D2F3-2286-4020-AD50-403A65B422C4} = {EE8E0EEB-30DE-4594-9A79-4335D0C1D866}
		{EE538134-B287-490F-9AA3-FCC418EEFE3A} = {EE8E0EEB-30DE-4594-9A79-4335D0C1D866}
		{7FB210CD-68E1-4132-A3A6-E1AEBCA661C5} = {B1CD7CA5-F6CF-4DA4-AD2F-F521A31DF136}
		{0054E656-0F92-48C4-AAFB-99007FC8E932} = {02765D5D-716D-45DA-B9B3-99B670C3E97D}
		{1847C232-253A-414C-A4C8-B47449C67DBE} = {02765D5D-716D-45DA-B9B3-99B670C3E97D}
	EndGlobalSection
	GlobalSection(ProjectConfigurationPlatforms) = postSolution
		{9F313DF2-C845-4467-B3FB-D529FF543009}.Debug|Any CPU.ActiveCfg = Debug|Any CPU
		{9F313DF2-C845-4467-B3FB-D529FF543009}.Debug|Any CPU.Build.0 = Debug|Any CPU
		{9F313DF2-C845-4467-B3FB-D529FF543009}.Release|Any CPU.ActiveCfg = Release|Any CPU
		{9F313DF2-C845-4467-B3FB-D529FF543009}.Release|Any CPU.Build.0 = Release|Any CPU
		{4AF43A5E-1BB4-4DF7-8538-F83538AB6431}.Debug|Any CPU.ActiveCfg = Debug|Any CPU
		{4AF43A5E-1BB4-4DF7-8538-F83538AB6431}.Debug|Any CPU.Build.0 = Debug|Any CPU
		{4AF43A5E-1BB4-4DF7-8538-F83538AB6431}.Release|Any CPU.ActiveCfg = Release|Any CPU
		{4AF43A5E-1BB4-4DF7-8538-F83538AB6431}.Release|Any CPU.Build.0 = Release|Any CPU
		{1FD4D2F3-2286-4020-AD50-403A65B422C4}.Debug|Any CPU.ActiveCfg = Debug|Any CPU
		{1FD4D2F3-2286-4020-AD50-403A65B422C4}.Debug|Any CPU.Build.0 = Debug|Any CPU
		{1FD4D2F3-2286-4020-AD50-403A65B422C4}.Release|Any CPU.ActiveCfg = Release|Any CPU
		{1FD4D2F3-2286-4020-AD50-403A65B422C4}.Release|Any CPU.Build.0 = Release|Any CPU
		{EE538134-B287-490F-9AA3-FCC418EEFE3A}.Debug|Any CPU.ActiveCfg = Debug|Any CPU
		{EE538134-B287-490F-9AA3-FCC418EEFE3A}.Debug|Any CPU.Build.0 = Debug|Any CPU
		{EE538134-B287-490F-9AA3-FCC418EEFE3A}.Release|Any CPU.ActiveCfg = Release|Any CPU
		{EE538134-B287-490F-9AA3-FCC418EEFE3A}.Release|Any CPU.Build.0 = Release|Any CPU
		{7FB210CD-68E1-4132-A3A6-E1AEBCA661C5}.Debug|Any CPU.ActiveCfg = Debug|Any CPU
		{7FB210CD-68E1-4132-A3A6-E1AEBCA661C5}.Debug|Any CPU.Build.0 = Debug|Any CPU
		{7FB210CD-68E1-4132-A3A6-E1AEBCA661C5}.Release|Any CPU.ActiveCfg = Release|Any CPU
		{7FB210CD-68E1-4132-A3A6-E1AEBCA661C5}.Release|Any CPU.Build.0 = Release|Any CPU
		{0054E656-0F92-48C4-AAFB-99007FC8E932}.Debug|Any CPU.ActiveCfg = Debug|Any CPU
		{0054E656-0F92-48C4-AAFB-99007FC8E932}.Debug|Any CPU.Build.0 = Debug|Any CPU
		{0054E656-0F92-48C4-AAFB-99007FC8E932}.Release|Any CPU.ActiveCfg = Release|Any CPU
		{0054E656-0F92-48C4-AAFB-99007FC8E932}.Release|Any CPU.Build.0 = Release|Any CPU
		{1847C232-253A-414C-A4C8-B47449C67DBE}.Debug|Any CPU.ActiveCfg = Debug|Any CPU
		{1847C232-253A-414C-A4C8-B47449C67DBE}.Debug|Any CPU.Build.0 = Debug|Any CPU
		{1847C232-253A-414C-A4C8-B47449C67DBE}.Release|Any CPU.ActiveCfg = Release|Any CPU
		{1847C232-253A-414C-A4C8-B47449C67DBE}.Release|Any CPU.Build.0 = Release|Any CPU
	EndGlobalSection
EndGlobal
